
Microsoft Visual Studio Solution File, Format Version 12.00
# Visual Studio 15
VisualStudioVersion = 15.0.28307.168
MinimumVisualStudioVersion = 10.0.40219.1
Project("{FAE04EC0-301F-11D3-BF4B-00C04F79EFBC}") = "Palindrome.Client", "Palindrome.Client\Palindrome.Client.csproj", "{1E56A364-0CC6-43B0-919A-DA32AA9A6F60}"
EndProject
Project("{FAE04EC0-301F-11D3-BF4B-00C04F79EFBC}") = "Palindrome.Library", "Palindrome.Library\Palindrome.Library.csproj", "{1030FD2F-FAA3-4017-A6E3-58E5AE890473}"
EndProject
Project("{FAE04EC0-301F-11D3-BF4B-00C04F79EFBC}") = "Palindrome.Test", "Palindrome.Test\Palindrome.Test.csproj", "{4C2C77B1-3DCA-4E98-B003-F2CF5E50982E}"
EndProject
Global
	GlobalSection(SolutionConfigurationPlatforms) = preSolution
		Debug|Any CPU = Debug|Any CPU
		Release|Any CPU = Release|Any CPU
	EndGlobalSection
	GlobalSection(ProjectConfigurationPlatforms) = postSolution
		{1E56A364-0CC6-43B0-919A-DA32AA9A6F60}.Debug|Any CPU.ActiveCfg = Debug|Any CPU
		{1E56A364-0CC6-43B0-919A-DA32AA9A6F60}.Debug|Any CPU.Build.0 = Debug|Any CPU
		{1E56A364-0CC6-43B0-919A-DA32AA9A6F60}.Release|Any CPU.ActiveCfg = Release|Any CPU
		{1E56A364-0CC6-43B0-919A-DA32AA9A6F60}.Release|Any CPU.Build.0 = Release|Any CPU
		{1030FD2F-FAA3-4017-A6E3-58E5AE890473}.Debug|Any CPU.ActiveCfg = Debug|Any CPU
		{1030FD2F-FAA3-4017-A6E3-58E5AE890473}.Debug|Any CPU.Build.0 = Debug|Any CPU
		{1030FD2F-FAA3-4017-A6E3-58E5AE890473}.Release|Any CPU.ActiveCfg = Release|Any CPU
		{1030FD2F-FAA3-4017-A6E3-58E5AE890473}.Release|Any CPU.Build.0 = Release|Any CPU
		{4C2C77B1-3DCA-4E98-B003-F2CF5E50982E}.Debug|Any CPU.ActiveCfg = Debug|Any CPU
		{4C2C77B1-3DCA-4E98-B003-F2CF5E50982E}.Debug|Any CPU.Build.0 = Debug|Any CPU
		{4C2C77B1-3DCA-4E98-B003-F2CF5E50982E}.Release|Any CPU.ActiveCfg = Release|Any CPU
		{4C2C77B1-3DCA-4E98-B003-F2CF5E50982E}.Release|Any CPU.Build.0 = Release|Any CPU
	EndGlobalSection
	GlobalSection(SolutionProperties) = preSolution
		HideSolutionNode = FALSE
	EndGlobalSection
	GlobalSection(ExtensibilityGlobals) = postSolution
		SolutionGuid = {49BAC99D-5860-4F31-A3C7-F1DB58FFECE8}
	EndGlobalSection
EndGlobal
