
Microsoft Visual Studio Solution File, Format Version 12.00
# Visual Studio 15
VisualStudioVersion = 15.0.28307.168
MinimumVisualStudioVersion = 10.0.40219.1
Project("{FAE04EC0-301F-11D3-BF4B-00C04F79EFBC}") = "VarianceWorld", "VarianceWorld\VarianceWorld.csproj", "{409CDCA5-38C1-4B73-AEC8-0B4792B2F853}"
EndProject
Project("{FAE04EC0-301F-11D3-BF4B-00C04F79EFBC}") = "VarianceLibrary", "VarianceLibrary\VarianceLibrary.csproj", "{8B16C7B8-27E3-43E5-AFCD-A1D87DBBCEA3}"
EndProject
Project("{FAE04EC0-301F-11D3-BF4B-00C04F79EFBC}") = "VarianceWorld.Tests", "VarianceWorld.Tests\VarianceWorld.Tests.csproj", "{120C9AAE-F8D2-4F45-B992-5B626781E0A6}"
EndProject
Global
	GlobalSection(SolutionConfigurationPlatforms) = preSolution
		Debug|Any CPU = Debug|Any CPU
		Release|Any CPU = Release|Any CPU
	EndGlobalSection
	GlobalSection(ProjectConfigurationPlatforms) = postSolution
		{409CDCA5-38C1-4B73-AEC8-0B4792B2F853}.Debug|Any CPU.ActiveCfg = Debug|Any CPU
		{409CDCA5-38C1-4B73-AEC8-0B4792B2F853}.Debug|Any CPU.Build.0 = Debug|Any CPU
		{409CDCA5-38C1-4B73-AEC8-0B4792B2F853}.Release|Any CPU.ActiveCfg = Release|Any CPU
		{409CDCA5-38C1-4B73-AEC8-0B4792B2F853}.Release|Any CPU.Build.0 = Release|Any CPU
		{8B16C7B8-27E3-43E5-AFCD-A1D87DBBCEA3}.Debug|Any CPU.ActiveCfg = Debug|Any CPU
		{8B16C7B8-27E3-43E5-AFCD-A1D87DBBCEA3}.Debug|Any CPU.Build.0 = Debug|Any CPU
		{8B16C7B8-27E3-43E5-AFCD-A1D87DBBCEA3}.Release|Any CPU.ActiveCfg = Release|Any CPU
		{8B16C7B8-27E3-43E5-AFCD-A1D87DBBCEA3}.Release|Any CPU.Build.0 = Release|Any CPU
		{120C9AAE-F8D2-4F45-B992-5B626781E0A6}.Debug|Any CPU.ActiveCfg = Debug|Any CPU
		{120C9AAE-F8D2-4F45-B992-5B626781E0A6}.Debug|Any CPU.Build.0 = Debug|Any CPU
		{120C9AAE-F8D2-4F45-B992-5B626781E0A6}.Release|Any CPU.ActiveCfg = Release|Any CPU
		{120C9AAE-F8D2-4F45-B992-5B626781E0A6}.Release|Any CPU.Build.0 = Release|Any CPU
	EndGlobalSection
	GlobalSection(SolutionProperties) = preSolution
		HideSolutionNode = FALSE
	EndGlobalSection
	GlobalSection(ExtensibilityGlobals) = postSolution
		SolutionGuid = {7D111C8D-F59D-4A1B-87CB-5538D2E8E477}
	EndGlobalSection
EndGlobal
