
Microsoft Visual Studio Solution File, Format Version 12.00
# Visual Studio 15
VisualStudioVersion = 15.0.28307.168
MinimumVisualStudioVersion = 10.0.40219.1
Project("{9A19103F-16F7-4668-BE54-9A1E7A4F7556}") = "ParallelWorld.Domain", "ParallelWorld.Domain\ParallelWorld.Domain.csproj", "{FA103480-1D5A-493D-963D-E200D1D03DDD}"
EndProject
Project("{FAE04EC0-301F-11D3-BF4B-00C04F79EFBC}") = "ParallelWorld.Tests", "ParallelWorld.Tests\ParallelWorld.Tests.csproj", "{AE581CF2-7001-4C53-B879-44B78E7417E4}"
EndProject
Project("{FAE04EC0-301F-11D3-BF4B-00C04F79EFBC}") = "ParallelWorld.Client", "ParallelWorld.Client\ParallelWorld.Client.csproj", "{2DCCC36F-33FA-4873-B302-83DDC2A9DE04}"
EndProject
Global
	GlobalSection(SolutionConfigurationPlatforms) = preSolution
		Debug|Any CPU = Debug|Any CPU
		Release|Any CPU = Release|Any CPU
	EndGlobalSection
	GlobalSection(ProjectConfigurationPlatforms) = postSolution
		{FA103480-1D5A-493D-963D-E200D1D03DDD}.Debug|Any CPU.ActiveCfg = Debug|Any CPU
		{FA103480-1D5A-493D-963D-E200D1D03DDD}.Debug|Any CPU.Build.0 = Debug|Any CPU
		{FA103480-1D5A-493D-963D-E200D1D03DDD}.Release|Any CPU.ActiveCfg = Release|Any CPU
		{FA103480-1D5A-493D-963D-E200D1D03DDD}.Release|Any CPU.Build.0 = Release|Any CPU
		{AE581CF2-7001-4C53-B879-44B78E7417E4}.Debug|Any CPU.ActiveCfg = Debug|Any CPU
		{AE581CF2-7001-4C53-B879-44B78E7417E4}.Debug|Any CPU.Build.0 = Debug|Any CPU
		{AE581CF2-7001-4C53-B879-44B78E7417E4}.Release|Any CPU.ActiveCfg = Release|Any CPU
		{AE581CF2-7001-4C53-B879-44B78E7417E4}.Release|Any CPU.Build.0 = Release|Any CPU
		{2DCCC36F-33FA-4873-B302-83DDC2A9DE04}.Debug|Any CPU.ActiveCfg = Debug|Any CPU
		{2DCCC36F-33FA-4873-B302-83DDC2A9DE04}.Debug|Any CPU.Build.0 = Debug|Any CPU
		{2DCCC36F-33FA-4873-B302-83DDC2A9DE04}.Release|Any CPU.ActiveCfg = Release|Any CPU
		{2DCCC36F-33FA-4873-B302-83DDC2A9DE04}.Release|Any CPU.Build.0 = Release|Any CPU
	EndGlobalSection
	GlobalSection(SolutionProperties) = preSolution
		HideSolutionNode = FALSE
	EndGlobalSection
	GlobalSection(ExtensibilityGlobals) = postSolution
		SolutionGuid = {83CEAED7-2484-4B77-99BB-B28E17243175}
	EndGlobalSection
EndGlobal
